<?xml version="1.0" encoding="utf-8"?>
<Project ToolsVersion="4.0" xmlns="http://schemas.microsoft.com/developer/msbuild/2003">
  <ItemGroup>
    <ClCompile Include="Camera.cpp" />
    <ClCompile Include="CDRR.C" />
    <ClCompile Include="Character.cpp" />
    <ClCompile Include="GameEngine.cpp" />
    <ClCompile Include="Gravity.cpp" />
    <ClCompile Include="G_Button.cpp" />
    <ClCompile Include="Highscores.cpp" />
    <ClCompile Include="Label.cpp" />
    <ClCompile Include="Level.cpp" />
    <ClCompile Include="Main.cpp" />
    <ClCompile Include="Mainmenu.cpp" />
    <ClCompile Include="ReadFile.cpp" />
    <ClCompile Include="Rect.cpp" />
    <ClCompile Include="Tile.cpp" />
    <ClCompile Include="Timer.cpp" />
    <ClCompile Include="Sprite.cpp" />
    <ClCompile Include="ViewPort.cpp" />
  </ItemGroup>
  <ItemGroup>
    <ClInclude Include="Camera.h" />
    <ClInclude Include="Character.h" />
    <ClInclude Include="GameEngine.h" />
    <ClInclude Include="Gravity.h" />
    <ClInclude Include="G_Button.h" />
    <ClInclude Include="Label.h" />
    <ClInclude Include="Level.h" />
    <ClInclude Include="MainMenu.h" />
    <ClInclude Include="ReadFile.h" />
    <ClInclude Include="Rect.h" />
    <ClInclude Include="Sprite.h" />
    <ClInclude Include="Tile.h" />
    <ClInclude Include="Timer.h" />
    <ClInclude Include="ViewPort.h" />
  </ItemGroup>
  <ItemGroup>
    <Image Include="..\images\body.png" />
    <Image Include="..\images\character.png" />
    <Image Include="..\images\foot.png" />
    <Image Include="..\images\head.png" />
    <Image Include="..\images\tiletemplate.png" />
    <Image Include="..\images\black.png" />
    <Image Include="..\images\button_up.png" />
    <Image Include="..\images\start_level_1.png" />
    <Image Include="..\images\Goal.png" />
    <Image Include="..\images\white.png" />
  </ItemGroup>
  <ItemGroup>
    <None Include="ClassDiagram.cd" />
  </ItemGroup>
  <ItemGroup>
    <Text Include="Text.txt" />
    <Text Include="TODO.txt" />
  </ItemGroup>
</Project>