<?xml version="1.0" encoding="utf-8"?>
<Project ToolsVersion="4.0" xmlns="http://schemas.microsoft.com/developer/msbuild/2003">
  <ItemGroup>
    <Filter Include="Source Files">
      <UniqueIdentifier>{4FC737F1-C7A5-4376-A066-2A32D752A2FF}</UniqueIdentifier>
      <Extensions>cpp;c;cc;cxx;def;odl;idl;hpj;bat;asm;asmx</Extensions>
    </Filter>
    <Filter Include="Header Files">
      <UniqueIdentifier>{93995380-89BD-4b04-88EB-625FBE52EBFB}</UniqueIdentifier>
      <Extensions>h;hh;hpp;hxx;hm;inl;inc;xsd</Extensions>
    </Filter>
    <Filter Include="Resource Files">
      <UniqueIdentifier>{67DA6AB6-F800-4c08-8B7A-83BB121AAD01}</UniqueIdentifier>
      <Extensions>rc;ico;cur;bmp;dlg;rc2;rct;bin;rgs;gif;jpg;jpeg;jpe;resx;tiff;tif;png;wav;mfcribbon-ms</Extensions>
    </Filter>
    <Filter Include="Header Files\SubSprites">
      <UniqueIdentifier>{4424799a-8ed3-47f6-b268-7f9ee38a76f3}</UniqueIdentifier>
    </Filter>
    <Filter Include="Header Files\SubLabels">
      <UniqueIdentifier>{241ba110-8ed8-4a3d-9e4c-1eac61837c49}</UniqueIdentifier>
    </Filter>
    <Filter Include="Source Files\GameComponents">
      <UniqueIdentifier>{2e1584cc-6d08-4bd5-83c6-369360256a30}</UniqueIdentifier>
    </Filter>
    <Filter Include="Header Files\FileI/O">
      <UniqueIdentifier>{3d5b90c5-71cf-4b82-b9a8-58fc321ac7cb}</UniqueIdentifier>
    </Filter>
    <Filter Include="Source Files\File">
      <UniqueIdentifier>{ba276a54-94e0-4262-ad3b-349577a2f659}</UniqueIdentifier>
    </Filter>
    <Filter Include="Resource Files\Character">
      <UniqueIdentifier>{9af51583-4a57-4e63-82fb-c859f3aa2f8b}</UniqueIdentifier>
    </Filter>
    <Filter Include="Header Files\Enums">
      <UniqueIdentifier>{610c53dd-6a3e-4022-80ac-33ecc273cd55}</UniqueIdentifier>
    </Filter>
    <Filter Include="Source Files\Enums">
      <UniqueIdentifier>{137fadc7-7f5d-4b11-8a0e-cacd74c75119}</UniqueIdentifier>
    </Filter>
    <Filter Include="Header Files\Shapes">
      <UniqueIdentifier>{80856a65-1a47-4725-bf14-557494935684}</UniqueIdentifier>
    </Filter>
    <Filter Include="Header Files\Graphic elements">
      <UniqueIdentifier>{33e09ef7-0c34-4e33-a623-0728a4ca3b82}</UniqueIdentifier>
    </Filter>
    <Filter Include="Source Files\Graphic elements">
      <UniqueIdentifier>{fd64a2b0-9ad8-4eb6-989a-2da0cec30aeb}</UniqueIdentifier>
    </Filter>
    <Filter Include="Header Files\SubPolygons">
      <UniqueIdentifier>{e474e7f1-03c9-4188-94fd-7cee36f60114}</UniqueIdentifier>
    </Filter>
    <Filter Include="Header Files\GeometryHelpers">
      <UniqueIdentifier>{0ca42b85-7196-4f39-8395-2f2ee8fec332}</UniqueIdentifier>
    </Filter>
    <Filter Include="Source Files\GeometryHelpers">
      <UniqueIdentifier>{ac70515e-4605-4f3f-8992-d95d720d853b}</UniqueIdentifier>
    </Filter>
    <Filter Include="Source Files\Geometry">
      <UniqueIdentifier>{c163607f-c444-4d07-9904-93a36843c7af}</UniqueIdentifier>
    </Filter>
  </ItemGroup>
  <ItemGroup>
    <ClCompile Include="Main.cpp">
      <Filter>Source Files</Filter>
    </ClCompile>
    <ClCompile Include="Highscores.cpp">
      <Filter>Source Files</Filter>
    </ClCompile>
    <ClCompile Include="Sprite.cpp">
      <Filter>Source Files</Filter>
    </ClCompile>
    <ClCompile Include="G_Button.cpp">
      <Filter>Source Files</Filter>
    </ClCompile>
    <ClCompile Include="Label.cpp">
      <Filter>Source Files</Filter>
    </ClCompile>
    <ClCompile Include="Mainmenu.cpp">
      <Filter>Source Files</Filter>
    </ClCompile>
    <ClCompile Include="ViewPort.cpp">
      <Filter>Source Files</Filter>
    </ClCompile>
    <ClCompile Include="GameEngine.cpp">
      <Filter>Source Files</Filter>
    </ClCompile>
    <ClCompile Include="Level.cpp">
      <Filter>Source Files</Filter>
    </ClCompile>
    <ClCompile Include="Gravity.cpp">
      <Filter>Source Files\GameComponents</Filter>
    </ClCompile>
    <ClCompile Include="Character.cpp">
      <Filter>Source Files\GameComponents</Filter>
    </ClCompile>
    <ClCompile Include="Timer.cpp">
      <Filter>Source Files\GameComponents</Filter>
    </ClCompile>
    <ClCompile Include="Tile.cpp">
      <Filter>Source Files\GameComponents</Filter>
    </ClCompile>
    <ClCompile Include="Camera.cpp">
      <Filter>Source Files\GameComponents</Filter>
    </ClCompile>
    <ClCompile Include="ReadFile.cpp">
      <Filter>Source Files\File</Filter>
    </ClCompile>
    <ClCompile Include="CDRR.C">
      <Filter>Resource Files</Filter>
    </ClCompile>
    <ClCompile Include="CollisionHandling.cpp">
      <Filter>Source Files</Filter>
    </ClCompile>
    <ClCompile Include="OverlapSourceEnum.cpp">
      <Filter>Source Files\Enums</Filter>
    </ClCompile>
    <ClCompile Include="Hitbox.cpp">
      <Filter>Source Files\GameComponents</Filter>
    </ClCompile>
    <ClCompile Include="HitboxEnum.cpp">
      <Filter>Source Files\Enums</Filter>
    </ClCompile>
    <ClCompile Include="Vector2D.cpp">
      <Filter>Source Files\Geometry</Filter>
    </ClCompile>
    <ClCompile Include="Texture.cpp">
      <Filter>Source Files\Graphic elements</Filter>
    </ClCompile>
    <ClCompile Include="Polygon.cpp">
      <Filter>Source Files\Geometry</Filter>
    </ClCompile>
    <ClCompile Include="WorldObject.cpp">
      <Filter>Source Files</Filter>
    </ClCompile>
    <ClCompile Include="predicates.cpp">
      <Filter>Source Files\GeometryHelpers</Filter>
    </ClCompile>
    <ClCompile Include="Linebase.cpp">
      <Filter>Source Files\GeometryHelpers</Filter>
    </ClCompile>
    <ClCompile Include="Pointbase.cpp">
      <Filter>Source Files\GeometryHelpers</Filter>
    </ClCompile>
    <ClCompile Include="Triangle.cpp">
      <Filter>Source Files\Geometry</Filter>
    </ClCompile>
    <ClCompile Include="Monotonepolygon.cpp">
      <Filter>Source Files\Geometry</Filter>
    </ClCompile>
    <ClCompile Include="Rectangle.cpp">
      <Filter>Source Files\Geometry</Filter>
    </ClCompile>
  </ItemGroup>
  <ItemGroup>
    <ClInclude Include="Sprite.h">
      <Filter>Header Files</Filter>
    </ClInclude>
    <ClInclude Include="Label.h">
      <Filter>Header Files</Filter>
    </ClInclude>
    <ClInclude Include="MainMenu.h">
      <Filter>Header Files</Filter>
    </ClInclude>
    <ClInclude Include="ViewPort.h">
      <Filter>Header Files</Filter>
    </ClInclude>
    <ClInclude Include="GameEngine.h">
      <Filter>Header Files</Filter>
    </ClInclude>
    <ClInclude Include="Level.h">
      <Filter>Header Files</Filter>
    </ClInclude>
    <ClInclude Include="Character.h">
      <Filter>Header Files\SubSprites</Filter>
    </ClInclude>
    <ClInclude Include="G_Button.h">
      <Filter>Header Files\SubSprites</Filter>
    </ClInclude>
    <ClInclude Include="Timer.h">
      <Filter>Header Files\SubLabels</Filter>
    </ClInclude>
    <ClInclude Include="Gravity.h">
      <Filter>Header Files</Filter>
    </ClInclude>
    <ClInclude Include="Tile.h">
      <Filter>Header Files\SubSprites</Filter>
    </ClInclude>
    <ClInclude Include="Camera.h">
      <Filter>Header Files\SubSprites</Filter>
    </ClInclude>
    <ClInclude Include="ReadFile.h">
      <Filter>Header Files\FileI/O</Filter>
    </ClInclude>
    <ClInclude Include="CollisionHandling.h">
      <Filter>Header Files</Filter>
    </ClInclude>
    <ClInclude Include="OverlapSourceEnum.h">
      <Filter>Header Files\Enums</Filter>
    </ClInclude>
    <ClInclude Include="Hitbox.h">
      <Filter>Header Files\SubPolygons</Filter>
    </ClInclude>
    <ClInclude Include="HitboxEnum.h">
      <Filter>Header Files\Enums</Filter>
    </ClInclude>
    <ClInclude Include="Vector2D.h">
      <Filter>Header Files\Shapes</Filter>
    </ClInclude>
    <ClInclude Include="Texture.h">
      <Filter>Header Files\Graphic elements</Filter>
    </ClInclude>
    <ClInclude Include="Polygon.h">
      <Filter>Header Files\Shapes</Filter>
    </ClInclude>
    <ClInclude Include="WorldObject.h">
      <Filter>Header Files\SubPolygons</Filter>
    </ClInclude>
    <ClInclude Include="Pointbase.h">
      <Filter>Header Files\GeometryHelpers</Filter>
    </ClInclude>
    <ClInclude Include="Linebase.h">
      <Filter>Header Files\GeometryHelpers</Filter>
    </ClInclude>
    <ClInclude Include="splay.h">
      <Filter>Header Files\GeometryHelpers</Filter>
    </ClInclude>
    <ClInclude Include="Triangle.h">
      <Filter>Header Files\SubPolygons</Filter>
    </ClInclude>
    <ClInclude Include="Helperbase.h">
      <Filter>Header Files\GeometryHelpers</Filter>
    </ClInclude>
    <ClInclude Include="Monotonepolygon.h">
      <Filter>Header Files\SubPolygons</Filter>
    </ClInclude>
    <ClInclude Include="Rectangle.h">
      <Filter>Header Files\Shapes</Filter>
    </ClInclude>
  </ItemGroup>
  <ItemGroup>
    <Image Include="..\images\black.png">
      <Filter>Resource Files</Filter>
    </Image>
    <Image Include="..\images\white.png">
      <Filter>Resource Files</Filter>
    </Image>
    <Image Include="..\images\button_up.png">
      <Filter>Resource Files</Filter>
    </Image>
    <Image Include="..\images\start_level_1.png">
      <Filter>Resource Files</Filter>
    </Image>
    <Image Include="..\images\Goal.png">
      <Filter>Resource Files</Filter>
    </Image>
    <Image Include="..\images\tiletemplate.png">
      <Filter>Resource Files</Filter>
    </Image>
    <Image Include="..\images\body.png">
      <Filter>Resource Files\Character</Filter>
    </Image>
    <Image Include="..\images\foot.png">
      <Filter>Resource Files\Character</Filter>
    </Image>
    <Image Include="..\images\head.png">
      <Filter>Resource Files\Character</Filter>
    </Image>
    <Image Include="..\images\character.png">
      <Filter>Resource Files\Character</Filter>
    </Image>
  </ItemGroup>
  <ItemGroup>
    <None Include="ClassDiagram.cd" />
    <None Include="packages.config" />
  </ItemGroup>
  <ItemGroup>
    <Text Include="TODO.txt" />
    <Text Include="Text.txt">
      <Filter>Resource Files</Filter>
    </Text>
  </ItemGroup>
</Project>